
Microsoft Visual Studio Solution File, Format Version 12.00
# Visual Studio Version 16
VisualStudioVersion = 16.0.31019.35
MinimumVisualStudioVersion = 10.0.40219.1
Project("{FAE04EC0-301F-11D3-BF4B-00C04F79EFBC}") = "Problem1", "Problem1\Problem1.csproj", "{97055A7E-C1E8-4914-9A90-D21D30380B2F}"
EndProject
Project("{FAE04EC0-301F-11D3-BF4B-00C04F79EFBC}") = "Problem2", "Problem2\Problem2.csproj", "{349FE792-CB97-43A4-910F-AD33DB98F66C}"
EndProject
Project("{FAE04EC0-301F-11D3-BF4B-00C04F79EFBC}") = "Problem3", "Problem3\Problem3.csproj", "{CC25E40F-7481-4121-A376-4D9A10AA2AA3}"
EndProject
Project("{FAE04EC0-301F-11D3-BF4B-00C04F79EFBC}") = "Problem4", "Problem4\Problem4.csproj", "{6144C0B2-258C-4C70-9CE2-887A0320AC72}"
EndProject
Project("{FAE04EC0-301F-11D3-BF4B-00C04F79EFBC}") = "Problem5", "Problem5\Problem5.csproj", "{CF78E1B5-7906-48C2-9CA1-C10D5DE77B9B}"
EndProject
Global
	GlobalSection(SolutionConfigurationPlatforms) = preSolution
		Debug|Any CPU = Debug|Any CPU
		Release|Any CPU = Release|Any CPU
	EndGlobalSection
	GlobalSection(ProjectConfigurationPlatforms) = postSolution
		{97055A7E-C1E8-4914-9A90-D21D30380B2F}.Debug|Any CPU.ActiveCfg = Debug|Any CPU
		{97055A7E-C1E8-4914-9A90-D21D30380B2F}.Debug|Any CPU.Build.0 = Debug|Any CPU
		{97055A7E-C1E8-4914-9A90-D21D30380B2F}.Release|Any CPU.ActiveCfg = Release|Any CPU
		{97055A7E-C1E8-4914-9A90-D21D30380B2F}.Release|Any CPU.Build.0 = Release|Any CPU
		{349FE792-CB97-43A4-910F-AD33DB98F66C}.Debug|Any CPU.ActiveCfg = Debug|Any CPU
		{349FE792-CB97-43A4-910F-AD33DB98F66C}.Debug|Any CPU.Build.0 = Debug|Any CPU
		{349FE792-CB97-43A4-910F-AD33DB98F66C}.Release|Any CPU.ActiveCfg = Release|Any CPU
		{349FE792-CB97-43A4-910F-AD33DB98F66C}.Release|Any CPU.Build.0 = Release|Any CPU
		{CC25E40F-7481-4121-A376-4D9A10AA2AA3}.Debug|Any CPU.ActiveCfg = Debug|Any CPU
		{CC25E40F-7481-4121-A376-4D9A10AA2AA3}.Debug|Any CPU.Build.0 = Debug|Any CPU
		{CC25E40F-7481-4121-A376-4D9A10AA2AA3}.Release|Any CPU.ActiveCfg = Release|Any CPU
		{CC25E40F-7481-4121-A376-4D9A10AA2AA3}.Release|Any CPU.Build.0 = Release|Any CPU
		{6144C0B2-258C-4C70-9CE2-887A0320AC72}.Debug|Any CPU.ActiveCfg = Debug|Any CPU
		{6144C0B2-258C-4C70-9CE2-887A0320AC72}.Debug|Any CPU.Build.0 = Debug|Any CPU
		{6144C0B2-258C-4C70-9CE2-887A0320AC72}.Release|Any CPU.ActiveCfg = Release|Any CPU
		{6144C0B2-258C-4C70-9CE2-887A0320AC72}.Release|Any CPU.Build.0 = Release|Any CPU
		{CF78E1B5-7906-48C2-9CA1-C10D5DE77B9B}.Debug|Any CPU.ActiveCfg = Debug|Any CPU
		{CF78E1B5-7906-48C2-9CA1-C10D5DE77B9B}.Debug|Any CPU.Build.0 = Debug|Any CPU
		{CF78E1B5-7906-48C2-9CA1-C10D5DE77B9B}.Release|Any CPU.ActiveCfg = Release|Any CPU
		{CF78E1B5-7906-48C2-9CA1-C10D5DE77B9B}.Release|Any CPU.Build.0 = Release|Any CPU
	EndGlobalSection
	GlobalSection(SolutionProperties) = preSolution
		HideSolutionNode = FALSE
	EndGlobalSection
	GlobalSection(ExtensibilityGlobals) = postSolution
		SolutionGuid = {29D38857-077D-46DF-863C-E330286750C2}
	EndGlobalSection
EndGlobal
